<?xml version="1.0" encoding="utf-8"?>
<Project ToolsVersion="4.0" xmlns="http://schemas.microsoft.com/developer/msbuild/2003">
  <ItemGroup>
    <Filter Include="src">
      <UniqueIdentifier>{8bd20695-57a0-42c4-8ca1-28b6876a6abc}</UniqueIdentifier>
      <Extensions>cpp;c;cxx;def;odl;idl;hpj;bat;asm</Extensions>
    </Filter>
    <Filter Include="Resource Files">
      <UniqueIdentifier>{a39a3534-b36c-440c-9e45-741a3440b3e8}</UniqueIdentifier>
      <Extensions>rc;ico;cur;bmp;dlg;rc2;rct;bin;rgs;gif;jpg;jpeg;jpe</Extensions>
    </Filter>
    <Filter Include="plugins">
      <UniqueIdentifier>{51fb5847-26bc-4f42-9b11-543735c1f614}</UniqueIdentifier>
    </Filter>
  </ItemGroup>
  <ItemGroup>
    <ClCompile Include="..\src\main.cpp">
      <Filter>src</Filter>
    </ClCompile>
    <ClCompile Include="..\src\OpenSteerDemo.cpp">
      <Filter>src</Filter>
    </ClCompile>
    <ClCompile Include="..\plugins\Boids.cpp">
      <Filter>plugins</Filter>
    </ClCompile>
    <ClCompile Include="..\plugins\CaptureTheFlag.cpp">
      <Filter>plugins</Filter>
    </ClCompile>
    <ClCompile Include="..\plugins\LowSpeedTurn.cpp">
      <Filter>plugins</Filter>
    </ClCompile>
    <ClCompile Include="..\plugins\MapDrive.cpp">
      <Filter>plugins</Filter>
    </ClCompile>
    <ClCompile Include="..\plugins\MultiplePursuit.cpp">
      <Filter>plugins</Filter>
    </ClCompile>
    <ClCompile Include="..\plugins\OneTurning.cpp">
      <Filter>plugins</Filter>
    </ClCompile>
    <ClCompile Include="..\plugins\Pedestrian.cpp">
      <Filter>plugins</Filter>
    </ClCompile>
    <ClCompile Include="..\plugins\Soccer.cpp">
      <Filter>plugins</Filter>
    </ClCompile>
  </ItemGroup>
  <ItemGroup>
    <ClInclude Include="..\include\OpenSteer\OpenSteerDemo.h">
      <Filter>src</Filter>
    </ClInclude>
    <ClInclude Include="resource.h" />
  </ItemGroup>
  <ItemGroup>
    <Image Include="OpenSteerDemo.ico">
      <Filter>Resource Files</Filter>
    </Image>
  </ItemGroup>
  <ItemGroup>
    <ResourceCompile Include="SteerTest.rc">
      <Filter>Resource Files</Filter>
    </ResourceCompile>
  </ItemGroup>
</Project>